{
  "name": "godot-fabric-civ-lite-consumer",
  "version": "0.0.0",
  "lockfileVersion": 3,
  "requires": true,
  "packages": {
    "": {
      "name": "godot-fabric-civ-lite-consumer",
      "version": "0.0.0",
      "peerDependencies": {
        "react": "19.2.3",
        "react-native": "0.87.1"
      }
    }
  }
}
